<?xml version="1.0" encoding="utf-8"?>
<Project ToolsVersion="4.0" xmlns="http://schemas.microsoft.com/developer/msbuild/2003">
  <ItemGroup>
    <ClInclude Include="src\lib_luau\Ast\include\Luau\Ast.h" />
    <ClInclude Include="src\lib_luau\Ast\include\Luau\Common.h" />
    <ClInclude Include="src\lib_luau\Ast\include\Luau\Confusables.h" />
    <ClInclude Include="src\lib_luau\Ast\include\Luau\DenseHash.h" />
    <ClInclude Include="src\lib_luau\Ast\include\Luau\Lexer.h" />
    <ClInclude Include="src\lib_luau\Ast\include\Luau\Location.h" />
    <ClInclude Include="src\lib_luau\Ast\include\Luau\ParseOptions.h" />
    <ClInclude Include="src\lib_luau\Ast\include\Luau\Parser.h" />
    <ClInclude Include="src\lib_luau\Ast\include\Luau\ParseResult.h" />
    <ClInclude Include="src\lib_luau\Ast\include\Luau\StringUtils.h" />
    <ClInclude Include="src\lib_luau\Ast\include\Luau\TimeTrace.h" />
    <ClInclude Include="src\lib_luau\Compiler\include\Luau\Bytecode.h" />
    <ClInclude Include="src\lib_luau\Compiler\include\Luau\BytecodeBuilder.h" />
    <ClInclude Include="src\lib_luau\Compiler\include\Luau\Compiler.h" />
    <ClInclude Include="src\lib_luau\Compiler\include\luacode.h" />
    <ClInclude Include="src\lib_luau\Compiler\src\Builtins.h" />
    <ClInclude Include="src\lib_luau\Compiler\src\ConstantFolding.h" />
    <ClInclude Include="src\lib_luau\Compiler\src\TableShape.h" />
    <ClInclude Include="src\lib_luau\Compiler\src\ValueTracking.h" />
    <ClInclude Include="src\lib_luau\VM\include\lua.h" />
    <ClInclude Include="src\lib_luau\VM\include\luaconf.h" />
    <ClInclude Include="src\lib_luau\VM\include\lualib.h" />
    <ClInclude Include="src\lib_luau\VM\src\lapi.h" />
    <ClInclude Include="src\lib_luau\VM\src\lbuiltins.h" />
    <ClInclude Include="src\lib_luau\VM\src\lbytecode.h" />
    <ClInclude Include="src\lib_luau\VM\src\lcommon.h" />
    <ClInclude Include="src\lib_luau\VM\src\ldebug.h" />
    <ClInclude Include="src\lib_luau\VM\src\ldo.h" />
    <ClInclude Include="src\lib_luau\VM\src\lfunc.h" />
    <ClInclude Include="src\lib_luau\VM\src\lgc.h" />
    <ClInclude Include="src\lib_luau\VM\src\lmem.h" />
    <ClInclude Include="src\lib_luau\VM\src\lnumutils.h" />
    <ClInclude Include="src\lib_luau\VM\src\lobject.h" />
    <ClInclude Include="src\lib_luau\VM\src\lstate.h" />
    <ClInclude Include="src\lib_luau\VM\src\lstring.h" />
    <ClInclude Include="src\lib_luau\VM\src\ltable.h" />
    <ClInclude Include="src\lib_luau\VM\src\ltm.h" />
    <ClInclude Include="src\lib_luau\VM\src\ludata.h" />
    <ClInclude Include="src\lib_luau\VM\src\lvm.h" />
    <ClInclude Include="src\eyestep\eyestep.h" />
    <ClInclude Include="src\eyestep\eyestep_utility.h" />
    <ClInclude Include="src\main\addys.h" />
  </ItemGroup>
  <ItemGroup>
    <ClCompile Include="src\lib_luau\Ast\src\Ast.cpp" />
    <ClCompile Include="src\lib_luau\Ast\src\Confusables.cpp" />
    <ClCompile Include="src\lib_luau\Ast\src\Lexer.cpp" />
    <ClCompile Include="src\lib_luau\Ast\src\Location.cpp" />
    <ClCompile Include="src\lib_luau\Ast\src\Parser.cpp" />
    <ClCompile Include="src\lib_luau\Ast\src\StringUtils.cpp" />
    <ClCompile Include="src\lib_luau\Ast\src\TimeTrace.cpp" />
    <ClCompile Include="src\lib_luau\Compiler\src\Builtins.cpp" />
    <ClCompile Include="src\lib_luau\Compiler\src\BytecodeBuilder.cpp" />
    <ClCompile Include="src\lib_luau\Compiler\src\Compiler.cpp" />
    <ClCompile Include="src\lib_luau\Compiler\src\ConstantFolding.cpp" />
    <ClCompile Include="src\lib_luau\Compiler\src\lcode.cpp" />
    <ClCompile Include="src\lib_luau\Compiler\src\TableShape.cpp" />
    <ClCompile Include="src\lib_luau\Compiler\src\ValueTracking.cpp" />
    <ClCompile Include="src\lib_luau\VM\src\lapi.cpp" />
    <ClCompile Include="src\lib_luau\VM\src\laux.cpp" />
    <ClCompile Include="src\lib_luau\VM\src\lbaselib.cpp" />
    <ClCompile Include="src\lib_luau\VM\src\lbitlib.cpp" />
    <ClCompile Include="src\lib_luau\VM\src\lbuiltins.cpp" />
    <ClCompile Include="src\lib_luau\VM\src\lcorolib.cpp" />
    <ClCompile Include="src\lib_luau\VM\src\ldblib.cpp" />
    <ClCompile Include="src\lib_luau\VM\src\ldebug.cpp" />
    <ClCompile Include="src\lib_luau\VM\src\ldo.cpp" />
    <ClCompile Include="src\lib_luau\VM\src\lfunc.cpp" />
    <ClCompile Include="src\lib_luau\VM\src\lgc.cpp" />
    <ClCompile Include="src\lib_luau\VM\src\lgcdebug.cpp" />
    <ClCompile Include="src\lib_luau\VM\src\linit.cpp" />
    <ClCompile Include="src\lib_luau\VM\src\lmathlib.cpp" />
    <ClCompile Include="src\lib_luau\VM\src\lmem.cpp" />
    <ClCompile Include="src\lib_luau\VM\src\lnumprint.cpp" />
    <ClCompile Include="src\lib_luau\VM\src\lobject.cpp" />
    <ClCompile Include="src\lib_luau\VM\src\loslib.cpp" />
    <ClCompile Include="src\lib_luau\VM\src\lperf.cpp" />
    <ClCompile Include="src\lib_luau\VM\src\lstate.cpp" />
    <ClCompile Include="src\lib_luau\VM\src\lstring.cpp" />
    <ClCompile Include="src\lib_luau\VM\src\lstrlib.cpp" />
    <ClCompile Include="src\lib_luau\VM\src\ltable.cpp" />
    <ClCompile Include="src\lib_luau\VM\src\ltablib.cpp" />
    <ClCompile Include="src\lib_luau\VM\src\ltm.cpp" />
    <ClCompile Include="src\lib_luau\VM\src\ludata.cpp" />
    <ClCompile Include="src\lib_luau\VM\src\lutf8lib.cpp" />
    <ClCompile Include="src\lib_luau\VM\src\lvmexecute.cpp" />
    <ClCompile Include="src\lib_luau\VM\src\lvmload.cpp" />
    <ClCompile Include="src\lib_luau\VM\src\lvmutils.cpp" />
    <ClCompile Include="src\main\main.cpp" />
    <ClCompile Include="src\eyestep\eyestep.cpp" />
    <ClCompile Include="src\eyestep\eyestep_utility.cpp" />
  </ItemGroup>
</Project>